
Microsoft Visual Studio Solution File, Format Version 12.00
# Visual Studio 15
VisualStudioVersion = 15.0.28010.2050
MinimumVisualStudioVersion = 10.0.40219.1
Project("{FAE04EC0-301F-11D3-BF4B-00C04F79EFBC}") = "FormTest", "FormTest\FormTest.csproj", "{1A3553FA-3838-42CF-ABAB-9C42FC5CC8FD}"
EndProject
Global
	GlobalSection(SolutionConfigurationPlatforms) = preSolution
		Debug|Any CPU = Debug|Any CPU
		Release|Any CPU = Release|Any CPU
	EndGlobalSection
	GlobalSection(ProjectConfigurationPlatforms) = postSolution
		{1A3553FA-3838-42CF-ABAB-9C42FC5CC8FD}.Debug|Any CPU.ActiveCfg = Debug|Any CPU
		{1A3553FA-3838-42CF-ABAB-9C42FC5CC8FD}.Debug|Any CPU.Build.0 = Debug|Any CPU
		{1A3553FA-3838-42CF-ABAB-9C42FC5CC8FD}.Release|Any CPU.ActiveCfg = Release|Any CPU
		{1A3553FA-3838-42CF-ABAB-9C42FC5CC8FD}.Release|Any CPU.Build.0 = Release|Any CPU
	EndGlobalSection
	GlobalSection(SolutionProperties) = preSolution
		HideSolutionNode = FALSE
	EndGlobalSection
	GlobalSection(ExtensibilityGlobals) = postSolution
		SolutionGuid = {2BF8B6A1-9BA9-4483-A1AE-35E1D0C01BC1}
	EndGlobalSection
EndGlobal
