
Microsoft Visual Studio Solution File, Format Version 12.00
# Visual Studio 15
VisualStudioVersion = 15.0.28010.2050
MinimumVisualStudioVersion = 10.0.40219.1
Project("{FAE04EC0-301F-11D3-BF4B-00C04F79EFBC}") = "DisposeTest", "DisposeTest\DisposeTest.csproj", "{B42FBF5E-8CF9-4386-BB40-E9FCDB3161E1}"
EndProject
Global
	GlobalSection(SolutionConfigurationPlatforms) = preSolution
		Debug|Any CPU = Debug|Any CPU
		Release|Any CPU = Release|Any CPU
	EndGlobalSection
	GlobalSection(ProjectConfigurationPlatforms) = postSolution
		{B42FBF5E-8CF9-4386-BB40-E9FCDB3161E1}.Debug|Any CPU.ActiveCfg = Debug|Any CPU
		{B42FBF5E-8CF9-4386-BB40-E9FCDB3161E1}.Debug|Any CPU.Build.0 = Debug|Any CPU
		{B42FBF5E-8CF9-4386-BB40-E9FCDB3161E1}.Release|Any CPU.ActiveCfg = Release|Any CPU
		{B42FBF5E-8CF9-4386-BB40-E9FCDB3161E1}.Release|Any CPU.Build.0 = Release|Any CPU
	EndGlobalSection
	GlobalSection(SolutionProperties) = preSolution
		HideSolutionNode = FALSE
	EndGlobalSection
	GlobalSection(ExtensibilityGlobals) = postSolution
		SolutionGuid = {C8EB1C4C-B742-4FD5-B8BB-5F03FA58EA55}
	EndGlobalSection
EndGlobal
