
Microsoft Visual Studio Solution File, Format Version 12.00
# Visual Studio 15
VisualStudioVersion = 15.0.28010.2050
MinimumVisualStudioVersion = 10.0.40219.1
Project("{FAE04EC0-301F-11D3-BF4B-00C04F79EFBC}") = "ShapeUser", "ShapeUser\ShapeUser.csproj", "{3D2B9444-0711-42E3-B8D9-91F25232A28A}"
EndProject
Global
	GlobalSection(SolutionConfigurationPlatforms) = preSolution
		Debug|Any CPU = Debug|Any CPU
		Release|Any CPU = Release|Any CPU
	EndGlobalSection
	GlobalSection(ProjectConfigurationPlatforms) = postSolution
		{3D2B9444-0711-42E3-B8D9-91F25232A28A}.Debug|Any CPU.ActiveCfg = Debug|Any CPU
		{3D2B9444-0711-42E3-B8D9-91F25232A28A}.Debug|Any CPU.Build.0 = Debug|Any CPU
		{3D2B9444-0711-42E3-B8D9-91F25232A28A}.Release|Any CPU.ActiveCfg = Release|Any CPU
		{3D2B9444-0711-42E3-B8D9-91F25232A28A}.Release|Any CPU.Build.0 = Release|Any CPU
	EndGlobalSection
	GlobalSection(SolutionProperties) = preSolution
		HideSolutionNode = FALSE
	EndGlobalSection
	GlobalSection(ExtensibilityGlobals) = postSolution
		SolutionGuid = {802E3FB6-091E-49CD-B4F7-35346622D86F}
	EndGlobalSection
EndGlobal
