
Microsoft Visual Studio Solution File, Format Version 12.00
# Visual Studio 15
VisualStudioVersion = 15.0.28010.2050
MinimumVisualStudioVersion = 10.0.40219.1
Project("{FAE04EC0-301F-11D3-BF4B-00C04F79EFBC}") = "EMP", "EMP\EMP.csproj", "{5496DD41-BD31-40F0-8F5D-A468F944FAED}"
EndProject
Global
	GlobalSection(SolutionConfigurationPlatforms) = preSolution
		Debug|Any CPU = Debug|Any CPU
		Release|Any CPU = Release|Any CPU
	EndGlobalSection
	GlobalSection(ProjectConfigurationPlatforms) = postSolution
		{5496DD41-BD31-40F0-8F5D-A468F944FAED}.Debug|Any CPU.ActiveCfg = Debug|Any CPU
		{5496DD41-BD31-40F0-8F5D-A468F944FAED}.Debug|Any CPU.Build.0 = Debug|Any CPU
		{5496DD41-BD31-40F0-8F5D-A468F944FAED}.Release|Any CPU.ActiveCfg = Release|Any CPU
		{5496DD41-BD31-40F0-8F5D-A468F944FAED}.Release|Any CPU.Build.0 = Release|Any CPU
	EndGlobalSection
	GlobalSection(SolutionProperties) = preSolution
		HideSolutionNode = FALSE
	EndGlobalSection
	GlobalSection(ExtensibilityGlobals) = postSolution
		SolutionGuid = {81D6D4ED-79AE-46DE-A28D-99214ED5FACC}
	EndGlobalSection
EndGlobal
