
Microsoft Visual Studio Solution File, Format Version 12.00
# Visual Studio 15
VisualStudioVersion = 15.0.28010.2050
MinimumVisualStudioVersion = 10.0.40219.1
Project("{FAE04EC0-301F-11D3-BF4B-00C04F79EFBC}") = "ConsoleApplication2", "ConsoleApplication2\ConsoleApplication2.csproj", "{8B586655-9FC7-4262-8C86-66041FF32DBA}"
EndProject
Global
	GlobalSection(SolutionConfigurationPlatforms) = preSolution
		Debug|Any CPU = Debug|Any CPU
		Release|Any CPU = Release|Any CPU
	EndGlobalSection
	GlobalSection(ProjectConfigurationPlatforms) = postSolution
		{8B586655-9FC7-4262-8C86-66041FF32DBA}.Debug|Any CPU.ActiveCfg = Debug|Any CPU
		{8B586655-9FC7-4262-8C86-66041FF32DBA}.Debug|Any CPU.Build.0 = Debug|Any CPU
		{8B586655-9FC7-4262-8C86-66041FF32DBA}.Release|Any CPU.ActiveCfg = Release|Any CPU
		{8B586655-9FC7-4262-8C86-66041FF32DBA}.Release|Any CPU.Build.0 = Release|Any CPU
	EndGlobalSection
	GlobalSection(SolutionProperties) = preSolution
		HideSolutionNode = FALSE
	EndGlobalSection
	GlobalSection(ExtensibilityGlobals) = postSolution
		SolutionGuid = {F5A4E1E8-00DD-459C-9567-4EB3081AB9C7}
	EndGlobalSection
EndGlobal
